// !$*UTF8*$!
{
	archiveVersion = 1;
	classes = {
	};
	objectVersion = 46;
	objects = {

/* Begin PBXBuildFile section */
		634E050B198C8327009625C6 /* AppDelegate.swift in Sources */ = {isa = PBXBuildFile; fileRef = 634E050A198C8327009625C6 /* AppDelegate.swift */; };
		634E0510198C8327009625C6 /* Main.storyboard in Resources */ = {isa = PBXBuildFile; fileRef = 634E050E198C8327009625C6 /* Main.storyboard */; };
		634E0512198C8327009625C6 /* Images.xcassets in Resources */ = {isa = PBXBuildFile; fileRef = 634E0511198C8327009625C6 /* Images.xcassets */; };
		634E051E198C8327009625C6 /* StellarCramTests.swift in Sources */ = {isa = PBXBuildFile; fileRef = 634E051D198C8327009625C6 /* StellarCramTests.swift */; };
		634E0528198C8C45009625C6 /* SCMainViewController.swift in Sources */ = {isa = PBXBuildFile; fileRef = 634E0527198C8C45009625C6 /* SCMainViewController.swift */; };
		634E052A198C919C009625C6 /* Canvas1a_offwhite_1.png in Resources */ = {isa = PBXBuildFile; fileRef = 634E0529198C919C009625C6 /* Canvas1a_offwhite_1.png */; };
		634E0534198C9942009625C6 /* about-25.png in Resources */ = {isa = PBXBuildFile; fileRef = 634E052B198C9942009625C6 /* about-25.png */; };
		634E0535198C9942009625C6 /* about-32.png in Resources */ = {isa = PBXBuildFile; fileRef = 634E052C198C9942009625C6 /* about-32.png */; };
		634E0536198C9942009625C6 /* about-50.png in Resources */ = {isa = PBXBuildFile; fileRef = 634E052D198C9942009625C6 /* about-50.png */; };
		634E0537198C9942009625C6 /* org_unit-25.png in Resources */ = {isa = PBXBuildFile; fileRef = 634E052E198C9942009625C6 /* org_unit-25.png */; };
		634E0538198C9942009625C6 /* org_unit-32.png in Resources */ = {isa = PBXBuildFile; fileRef = 634E052F198C9942009625C6 /* org_unit-32.png */; };
		634E0539198C9942009625C6 /* org_unit-50.png in Resources */ = {isa = PBXBuildFile; fileRef = 634E0530198C9942009625C6 /* org_unit-50.png */; };
		634E053A198C9942009625C6 /* process-25.png in Resources */ = {isa = PBXBuildFile; fileRef = 634E0531198C9942009625C6 /* process-25.png */; };
		634E053B198C9942009625C6 /* process-32.png in Resources */ = {isa = PBXBuildFile; fileRef = 634E0532198C9942009625C6 /* process-32.png */; };
		634E053C198C9942009625C6 /* process-50.png in Resources */ = {isa = PBXBuildFile; fileRef = 634E0533198C9942009625C6 /* process-50.png */; };
		634E053F198CAB1C009625C6 /* plus-50.png in Resources */ = {isa = PBXBuildFile; fileRef = 634E053E198CAB1C009625C6 /* plus-50.png */; };
		634E0541198CAB2C009625C6 /* plus-32.png in Resources */ = {isa = PBXBuildFile; fileRef = 634E0540198CAB2C009625C6 /* plus-32.png */; };
		634E0543198CAB39009625C6 /* plus-25.png in Resources */ = {isa = PBXBuildFile; fileRef = 634E0542198CAB39009625C6 /* plus-25.png */; };
		634E0545198CAB55009625C6 /* checkmark-25.png in Resources */ = {isa = PBXBuildFile; fileRef = 634E0544198CAB55009625C6 /* checkmark-25.png */; };
		634E0547198CAB5F009625C6 /* checkmark-32.png in Resources */ = {isa = PBXBuildFile; fileRef = 634E0546198CAB5F009625C6 /* checkmark-32.png */; };
		634E0549198CAB6C009625C6 /* checkmark-50.png in Resources */ = {isa = PBXBuildFile; fileRef = 634E0548198CAB6C009625C6 /* checkmark-50.png */; };
		634E054B198CBE33009625C6 /* SCBoardView.swift in Sources */ = {isa = PBXBuildFile; fileRef = 634E054A198CBE33009625C6 /* SCBoardView.swift */; };
		6378AE921997215800B5E2E7 /* SCPlayer.swift in Sources */ = {isa = PBXBuildFile; fileRef = 6378AE911997215800B5E2E7 /* SCPlayer.swift */; };
		63BAFB29198E7EF900A3F007 /* SCCellView.swift in Sources */ = {isa = PBXBuildFile; fileRef = 63BAFB28198E7EF900A3F007 /* SCCellView.swift */; };
		63CD9E9A19907F30003482DA /* SCPlayView.swift in Sources */ = {isa = PBXBuildFile; fileRef = 63CD9E9919907F30003482DA /* SCPlayView.swift */; };
/* End PBXBuildFile section */

/* Begin PBXContainerItemProxy section */
		634E0518198C8327009625C6 /* PBXContainerItemProxy */ = {
			isa = PBXContainerItemProxy;
			containerPortal = 634E04FD198C8327009625C6 /* Project object */;
			proxyType = 1;
			remoteGlobalIDString = 634E0504198C8327009625C6;
			remoteInfo = StellarCram;
		};
/* End PBXContainerItemProxy section */

/* Begin PBXFileReference section */
		634E0505198C8327009625C6 /* StellarCram.app */ = {isa = PBXFileReference; explicitFileType = wrapper.application; includeInIndex = 0; path = StellarCram.app; sourceTree = BUILT_PRODUCTS_DIR; };
		634E0509198C8327009625C6 /* Info.plist */ = {isa = PBXFileReference; lastKnownFileType = text.plist.xml; path = Info.plist; sourceTree = "<group>"; };
		634E050A198C8327009625C6 /* AppDelegate.swift */ = {isa = PBXFileReference; lastKnownFileType = sourcecode.swift; path = AppDelegate.swift; sourceTree = "<group>"; };
		634E050F198C8327009625C6 /* Base */ = {isa = PBXFileReference; lastKnownFileType = file.storyboard; name = Base; path = Base.lproj/Main.storyboard; sourceTree = "<group>"; };
		634E0511198C8327009625C6 /* Images.xcassets */ = {isa = PBXFileReference; lastKnownFileType = folder.assetcatalog; path = Images.xcassets; sourceTree = "<group>"; };
		634E0517198C8327009625C6 /* StellarCramTests.xctest */ = {isa = PBXFileReference; explicitFileType = wrapper.cfbundle; includeInIndex = 0; path = StellarCramTests.xctest; sourceTree = BUILT_PRODUCTS_DIR; };
		634E051C198C8327009625C6 /* Info.plist */ = {isa = PBXFileReference; lastKnownFileType = text.plist.xml; path = Info.plist; sourceTree = "<group>"; };
		634E051D198C8327009625C6 /* StellarCramTests.swift */ = {isa = PBXFileReference; lastKnownFileType = sourcecode.swift; path = StellarCramTests.swift; sourceTree = "<group>"; };
		634E0527198C8C45009625C6 /* SCMainViewController.swift */ = {isa = PBXFileReference; fileEncoding = 4; lastKnownFileType = sourcecode.swift; path = SCMainViewController.swift; sourceTree = "<group>"; };
		634E0529198C919C009625C6 /* Canvas1a_offwhite_1.png */ = {isa = PBXFileReference; lastKnownFileType = image.png; path = Canvas1a_offwhite_1.png; sourceTree = "<group>"; };
		634E052B198C9942009625C6 /* about-25.png */ = {isa = PBXFileReference; lastKnownFileType = image.png; path = "about-25.png"; sourceTree = "<group>"; };
		634E052C198C9942009625C6 /* about-32.png */ = {isa = PBXFileReference; lastKnownFileType = image.png; path = "about-32.png"; sourceTree = "<group>"; };
		634E052D198C9942009625C6 /* about-50.png */ = {isa = PBXFileReference; lastKnownFileType = image.png; path = "about-50.png"; sourceTree = "<group>"; };
		634E052E198C9942009625C6 /* org_unit-25.png */ = {isa = PBXFileReference; lastKnownFileType = image.png; path = "org_unit-25.png"; sourceTree = "<group>"; };
		634E052F198C9942009625C6 /* org_unit-32.png */ = {isa = PBXFileReference; lastKnownFileType = image.png; path = "org_unit-32.png"; sourceTree = "<group>"; };
		634E0530198C9942009625C6 /* org_unit-50.png */ = {isa = PBXFileReference; lastKnownFileType = image.png; path = "org_unit-50.png"; sourceTree = "<group>"; };
		634E0531198C9942009625C6 /* process-25.png */ = {isa = PBXFileReference; lastKnownFileType = image.png; path = "process-25.png"; sourceTree = "<group>"; };
		634E0532198C9942009625C6 /* process-32.png */ = {isa = PBXFileReference; lastKnownFileType = image.png; path = "process-32.png"; sourceTree = "<group>"; };
		634E0533198C9942009625C6 /* process-50.png */ = {isa = PBXFileReference; lastKnownFileType = image.png; path = "process-50.png"; sourceTree = "<group>"; };
		634E053E198CAB1C009625C6 /* plus-50.png */ = {isa = PBXFileReference; lastKnownFileType = image.png; path = "plus-50.png"; sourceTree = "<group>"; };
		634E0540198CAB2C009625C6 /* plus-32.png */ = {isa = PBXFileReference; lastKnownFileType = image.png; path = "plus-32.png"; sourceTree = "<group>"; };
		634E0542198CAB39009625C6 /* plus-25.png */ = {isa = PBXFileReference; lastKnownFileType = image.png; path = "plus-25.png"; sourceTree = "<group>"; };
		634E0544198CAB55009625C6 /* checkmark-25.png */ = {isa = PBXFileReference; lastKnownFileType = image.png; path = "checkmark-25.png"; sourceTree = "<group>"; };
		634E0546198CAB5F009625C6 /* checkmark-32.png */ = {isa = PBXFileReference; lastKnownFileType = image.png; path = "checkmark-32.png"; sourceTree = "<group>"; };
		634E0548198CAB6C009625C6 /* checkmark-50.png */ = {isa = PBXFileReference; lastKnownFileType = image.png; path = "checkmark-50.png"; sourceTree = "<group>"; };
		634E054A198CBE33009625C6 /* SCBoardView.swift */ = {isa = PBXFileReference; fileEncoding = 4; lastKnownFileType = sourcecode.swift; path = SCBoardView.swift; sourceTree = "<group>"; };
		6378AE911997215800B5E2E7 /* SCPlayer.swift */ = {isa = PBXFileReference; fileEncoding = 4; lastKnownFileType = sourcecode.swift; path = SCPlayer.swift; sourceTree = "<group>"; };
		63BAFB28198E7EF900A3F007 /* SCCellView.swift */ = {isa = PBXFileReference; fileEncoding = 4; lastKnownFileType = sourcecode.swift; path = SCCellView.swift; sourceTree = "<group>"; };
		63CD9E9919907F30003482DA /* SCPlayView.swift */ = {isa = PBXFileReference; fileEncoding = 4; lastKnownFileType = sourcecode.swift; path = SCPlayView.swift; sourceTree = "<group>"; };
/* End PBXFileReference section */

/* Begin PBXFrameworksBuildPhase section */
		634E0502198C8327009625C6 /* Frameworks */ = {
			isa = PBXFrameworksBuildPhase;
			buildActionMask = 2147483647;
			files = (
			);
			runOnlyForDeploymentPostprocessing = 0;
		};
		634E0514198C8327009625C6 /* Frameworks */ = {
			isa = PBXFrameworksBuildPhase;
			buildActionMask = 2147483647;
			files = (
			);
			runOnlyForDeploymentPostprocessing = 0;
		};
/* End PBXFrameworksBuildPhase section */

/* Begin PBXGroup section */
		634E04FC198C8327009625C6 = {
			isa = PBXGroup;
			children = (
				634E0507198C8327009625C6 /* StellarCram */,
				634E051A198C8327009625C6 /* StellarCramTests */,
				634E0506198C8327009625C6 /* Products */,
			);
			sourceTree = "<group>";
		};
		634E0506198C8327009625C6 /* Products */ = {
			isa = PBXGroup;
			children = (
				634E0505198C8327009625C6 /* StellarCram.app */,
				634E0517198C8327009625C6 /* StellarCramTests.xctest */,
			);
			name = Products;
			sourceTree = "<group>";
		};
		634E0507198C8327009625C6 /* StellarCram */ = {
			isa = PBXGroup;
			children = (
				634E053D198C994F009625C6 /* Assets */,
				634E0527198C8C45009625C6 /* SCMainViewController.swift */,
				634E050A198C8327009625C6 /* AppDelegate.swift */,
				634E050E198C8327009625C6 /* Main.storyboard */,
				634E0511198C8327009625C6 /* Images.xcassets */,
				634E0508198C8327009625C6 /* Supporting Files */,
				634E054A198CBE33009625C6 /* SCBoardView.swift */,
				63BAFB28198E7EF900A3F007 /* SCCellView.swift */,
				63CD9E9919907F30003482DA /* SCPlayView.swift */,
				6378AE911997215800B5E2E7 /* SCPlayer.swift */,
			);
			path = StellarCram;
			sourceTree = "<group>";
		};
		634E0508198C8327009625C6 /* Supporting Files */ = {
			isa = PBXGroup;
			children = (
				634E0509198C8327009625C6 /* Info.plist */,
			);
			name = "Supporting Files";
			sourceTree = "<group>";
		};
		634E051A198C8327009625C6 /* StellarCramTests */ = {
			isa = PBXGroup;
			children = (
				634E051D198C8327009625C6 /* StellarCramTests.swift */,
				634E051B198C8327009625C6 /* Supporting Files */,
			);
			path = StellarCramTests;
			sourceTree = "<group>";
		};
		634E051B198C8327009625C6 /* Supporting Files */ = {
			isa = PBXGroup;
			children = (
				634E051C198C8327009625C6 /* Info.plist */,
			);
			name = "Supporting Files";
			sourceTree = "<group>";
		};
		634E053D198C994F009625C6 /* Assets */ = {
			isa = PBXGroup;
			children = (
				634E0544198CAB55009625C6 /* checkmark-25.png */,
				634E0546198CAB5F009625C6 /* checkmark-32.png */,
				634E0548198CAB6C009625C6 /* checkmark-50.png */,
				634E0542198CAB39009625C6 /* plus-25.png */,
				634E0540198CAB2C009625C6 /* plus-32.png */,
				634E053E198CAB1C009625C6 /* plus-50.png */,
				634E052B198C9942009625C6 /* about-25.png */,
				634E052C198C9942009625C6 /* about-32.png */,
				634E052D198C9942009625C6 /* about-50.png */,
				634E052E198C9942009625C6 /* org_unit-25.png */,
				634E052F198C9942009625C6 /* org_unit-32.png */,
				634E0530198C9942009625C6 /* org_unit-50.png */,
				634E0531198C9942009625C6 /* process-25.png */,
				634E0532198C9942009625C6 /* process-32.png */,
				634E0533198C9942009625C6 /* process-50.png */,
				634E0529198C919C009625C6 /* Canvas1a_offwhite_1.png */,
			);
			name = Assets;
			sourceTree = "<group>";
		};
/* End PBXGroup section */

/* Begin PBXNativeTarget section */
		634E0504198C8327009625C6 /* StellarCram */ = {
			isa = PBXNativeTarget;
			buildConfigurationList = 634E0521198C8327009625C6 /* Build configuration list for PBXNativeTarget "StellarCram" */;
			buildPhases = (
				634E0501198C8327009625C6 /* Sources */,
				634E0502198C8327009625C6 /* Frameworks */,
				634E0503198C8327009625C6 /* Resources */,
			);
			buildRules = (
			);
			dependencies = (
			);
			name = StellarCram;
			productName = StellarCram;
			productReference = 634E0505198C8327009625C6 /* StellarCram.app */;
			productType = "com.apple.product-type.application";
		};
		634E0516198C8327009625C6 /* StellarCramTests */ = {
			isa = PBXNativeTarget;
			buildConfigurationList = 634E0524198C8327009625C6 /* Build configuration list for PBXNativeTarget "StellarCramTests" */;
			buildPhases = (
				634E0513198C8327009625C6 /* Sources */,
				634E0514198C8327009625C6 /* Frameworks */,
				634E0515198C8327009625C6 /* Resources */,
			);
			buildRules = (
			);
			dependencies = (
				634E0519198C8327009625C6 /* PBXTargetDependency */,
			);
			name = StellarCramTests;
			productName = StellarCramTests;
			productReference = 634E0517198C8327009625C6 /* StellarCramTests.xctest */;
			productType = "com.apple.product-type.bundle.unit-test";
		};
/* End PBXNativeTarget section */

/* Begin PBXProject section */
		634E04FD198C8327009625C6 /* Project object */ = {
			isa = PBXProject;
			attributes = {
				LastUpgradeCheck = 0600;
				ORGANIZATIONNAME = "Stellar Software Pty Ltd";
				TargetAttributes = {
					634E0504198C8327009625C6 = {
						CreatedOnToolsVersion = 6.0;
						DevelopmentTeam = A2SGEM86LX;
					};
					634E0516198C8327009625C6 = {
						CreatedOnToolsVersion = 6.0;
						TestTargetID = 634E0504198C8327009625C6;
					};
				};
			};
			buildConfigurationList = 634E0500198C8327009625C6 /* Build configuration list for PBXProject "StellarCram" */;
			compatibilityVersion = "Xcode 3.2";
			developmentRegion = English;
			hasScannedForEncodings = 0;
			knownRegions = (
				en,
				Base,
			);
			mainGroup = 634E04FC198C8327009625C6;
			productRefGroup = 634E0506198C8327009625C6 /* Products */;
			projectDirPath = "";
			projectRoot = "";
			targets = (
				634E0504198C8327009625C6 /* StellarCram */,
				634E0516198C8327009625C6 /* StellarCramTests */,
			);
		};
/* End PBXProject section */

/* Begin PBXResourcesBuildPhase section */
		634E0503198C8327009625C6 /* Resources */ = {
			isa = PBXResourcesBuildPhase;
			buildActionMask = 2147483647;
			files = (
				634E0545198CAB55009625C6 /* checkmark-25.png in Resources */,
				634E0543198CAB39009625C6 /* plus-25.png in Resources */,
				634E0536198C9942009625C6 /* about-50.png in Resources */,
				634E0537198C9942009625C6 /* org_unit-25.png in Resources */,
				634E0547198CAB5F009625C6 /* checkmark-32.png in Resources */,
				634E0541198CAB2C009625C6 /* plus-32.png in Resources */,
				634E053C198C9942009625C6 /* process-50.png in Resources */,
				634E053A198C9942009625C6 /* process-25.png in Resources */,
				634E052A198C919C009625C6 /* Canvas1a_offwhite_1.png in Resources */,
				634E0538198C9942009625C6 /* org_unit-32.png in Resources */,
				634E0549198CAB6C009625C6 /* checkmark-50.png in Resources */,
				634E0510198C8327009625C6 /* Main.storyboard in Resources */,
				634E053F198CAB1C009625C6 /* plus-50.png in Resources */,
				634E0534198C9942009625C6 /* about-25.png in Resources */,
				634E053B198C9942009625C6 /* process-32.png in Resources */,
				634E0539198C9942009625C6 /* org_unit-50.png in Resources */,
				634E0535198C9942009625C6 /* about-32.png in Resources */,
				634E0512198C8327009625C6 /* Images.xcassets in Resources */,
			);
			runOnlyForDeploymentPostprocessing = 0;
		};
		634E0515198C8327009625C6 /* Resources */ = {
			isa = PBXResourcesBuildPhase;
			buildActionMask = 2147483647;
			files = (
			);
			runOnlyForDeploymentPostprocessing = 0;
		};
/* End PBXResourcesBuildPhase section */

/* Begin PBXSourcesBuildPhase section */
		634E0501198C8327009625C6 /* Sources */ = {
			isa = PBXSourcesBuildPhase;
			buildActionMask = 2147483647;
			files = (
				63BAFB29198E7EF900A3F007 /* SCCellView.swift in Sources */,
				634E050B198C8327009625C6 /* AppDelegate.swift in Sources */,
				634E054B198CBE33009625C6 /* SCBoardView.swift in Sources */,
				634E0528198C8C45009625C6 /* SCMainViewController.swift in Sources */,
				6378AE921997215800B5E2E7 /* SCPlayer.swift in Sources */,
				63CD9E9A19907F30003482DA /* SCPlayView.swift in Sources */,
			);
			runOnlyForDeploymentPostprocessing = 0;
		};
		634E0513198C8327009625C6 /* Sources */ = {
			isa = PBXSourcesBuildPhase;
			buildActionMask = 2147483647;
			files = (
				634E051E198C8327009625C6 /* StellarCramTests.swift in Sources */,
			);
			runOnlyForDeploymentPostprocessing = 0;
		};
/* End PBXSourcesBuildPhase section */

/* Begin PBXTargetDependency section */
		634E0519198C8327009625C6 /* PBXTargetDependency */ = {
			isa = PBXTargetDependency;
			target = 634E0504198C8327009625C6 /* StellarCram */;
			targetProxy = 634E0518198C8327009625C6 /* PBXContainerItemProxy */;
		};
/* End PBXTargetDependency section */

/* Begin PBXVariantGroup section */
		634E050E198C8327009625C6 /* Main.storyboard */ = {
			isa = PBXVariantGroup;
			children = (
				634E050F198C8327009625C6 /* Base */,
			);
			name = Main.storyboard;
			sourceTree = "<group>";
		};
/* End PBXVariantGroup section */

/* Begin XCBuildConfiguration section */
		634E051F198C8327009625C6 /* Debug */ = {
			isa = XCBuildConfiguration;
			buildSettings = {
				ALWAYS_SEARCH_USER_PATHS = NO;
				CLANG_CXX_LANGUAGE_STANDARD = "gnu++0x";
				CLANG_CXX_LIBRARY = "libc++";
				CLANG_ENABLE_MODULES = YES;
				CLANG_ENABLE_OBJC_ARC = YES;
				CLANG_WARN_BOOL_CONVERSION = YES;
				CLANG_WARN_CONSTANT_CONVERSION = YES;
				CLANG_WARN_DIRECT_OBJC_ISA_USAGE = YES_ERROR;
				CLANG_WARN_EMPTY_BODY = YES;
				CLANG_WARN_ENUM_CONVERSION = YES;
				CLANG_WARN_INT_CONVERSION = YES;
				CLANG_WARN_OBJC_ROOT_CLASS = YES_ERROR;
				CLANG_WARN_UNREACHABLE_CODE = YES;
				CLANG_WARN__DUPLICATE_METHOD_MATCH = YES;
				"CODE_SIGN_IDENTITY[sdk=iphoneos*]" = "iPhone Developer";
				COPY_PHASE_STRIP = NO;
				ENABLE_STRICT_OBJC_MSGSEND = YES;
				GCC_C_LANGUAGE_STANDARD = gnu99;
				GCC_DYNAMIC_NO_PIC = NO;
				GCC_OPTIMIZATION_LEVEL = 0;
				GCC_PREPROCESSOR_DEFINITIONS = (
					"DEBUG=1",
					"$(inherited)",
				);
				GCC_SYMBOLS_PRIVATE_EXTERN = NO;
				GCC_WARN_64_TO_32_BIT_CONVERSION = YES;
				GCC_WARN_ABOUT_RETURN_TYPE = YES_ERROR;
				GCC_WARN_UNDECLARED_SELECTOR = YES;
				GCC_WARN_UNINITIALIZED_AUTOS = YES_AGGRESSIVE;
				GCC_WARN_UNUSED_FUNCTION = YES;
				GCC_WARN_UNUSED_VARIABLE = YES;
				IPHONEOS_DEPLOYMENT_TARGET = 8.0;
				MTL_ENABLE_DEBUG_INFO = YES;
				ONLY_ACTIVE_ARCH = YES;
				SDKROOT = iphoneos;
				SWIFT_OPTIMIZATION_LEVEL = "-Onone";
				TARGETED_DEVICE_FAMILY = "1,2";
			};
			name = Debug;
		};
		634E0520198C8327009625C6 /* Release */ = {
			isa = XCBuildConfiguration;
			buildSettings = {
				ALWAYS_SEARCH_USER_PATHS = NO;
				CLANG_CXX_LANGUAGE_STANDARD = "gnu++0x";
				CLANG_CXX_LIBRARY = "libc++";
				CLANG_ENABLE_MODULES = YES;
				CLANG_ENABLE_OBJC_ARC = YES;
				CLANG_WARN_BOOL_CONVERSION = YES;
				CLANG_WARN_CONSTANT_CONVERSION = YES;
				CLANG_WARN_DIRECT_OBJC_ISA_USAGE = YES_ERROR;
				CLANG_WARN_EMPTY_BODY = YES;
				CLANG_WARN_ENUM_CONVERSION = YES;
				CLANG_WARN_INT_CONVERSION = YES;
				CLANG_WARN_OBJC_ROOT_CLASS = YES_ERROR;
				CLANG_WARN_UNREACHABLE_CODE = YES;
				CLANG_WARN__DUPLICATE_METHOD_MATCH = YES;
				"CODE_SIGN_IDENTITY[sdk=iphoneos*]" = "iPhone Developer";
				COPY_PHASE_STRIP = YES;
				ENABLE_NS_ASSERTIONS = NO;
				ENABLE_STRICT_OBJC_MSGSEND = YES;
				GCC_C_LANGUAGE_STANDARD = gnu99;
				GCC_WARN_64_TO_32_BIT_CONVERSION = YES;
				GCC_WARN_ABOUT_RETURN_TYPE = YES_ERROR;
				GCC_WARN_UNDECLARED_SELECTOR = YES;
				GCC_WARN_UNINITIALIZED_AUTOS = YES_AGGRESSIVE;
				GCC_WARN_UNUSED_FUNCTION = YES;
				GCC_WARN_UNUSED_VARIABLE = YES;
				IPHONEOS_DEPLOYMENT_TARGET = 8.0;
				MTL_ENABLE_DEBUG_INFO = NO;
				SDKROOT = iphoneos;
				TARGETED_DEVICE_FAMILY = "1,2";
				VALIDATE_PRODUCT = YES;
			};
			name = Release;
		};
		634E0522198C8327009625C6 /* Debug */ = {
			isa = XCBuildConfiguration;
			buildSettings = {
				ASSETCATALOG_COMPILER_APPICON_NAME = AppIcon;
				ASSETCATALOG_COMPILER_LAUNCHIMAGE_NAME = LaunchImage;
				CODE_SIGN_IDENTITY = "iPhone Developer";
				INFOPLIST_FILE = StellarCram/Info.plist;
				IPHONEOS_DEPLOYMENT_TARGET = 7.0;
				LD_RUNPATH_SEARCH_PATHS = "$(inherited) @executable_path/Frameworks";
				PRODUCT_NAME = "$(TARGET_NAME)";
				TARGETED_DEVICE_FAMILY = "1,2";
			};
			name = Debug;
		};
		634E0523198C8327009625C6 /* Release */ = {
			isa = XCBuildConfiguration;
			buildSettings = {
				ASSETCATALOG_COMPILER_APPICON_NAME = AppIcon;
				ASSETCATALOG_COMPILER_LAUNCHIMAGE_NAME = LaunchImage;
				CODE_SIGN_IDENTITY = "iPhone Developer";
				INFOPLIST_FILE = StellarCram/Info.plist;
				IPHONEOS_DEPLOYMENT_TARGET = 7.0;
				LD_RUNPATH_SEARCH_PATHS = "$(inherited) @executable_path/Frameworks";
				PRODUCT_NAME = "$(TARGET_NAME)";
				TARGETED_DEVICE_FAMILY = "1,2";
			};
			name = Release;
		};
		634E0525198C8327009625C6 /* Debug */ = {
			isa = XCBuildConfiguration;
			buildSettings = {
				BUNDLE_LOADER = "$(BUILT_PRODUCTS_DIR)/StellarCram.app/StellarCram";
				FRAMEWORK_SEARCH_PATHS = (
					"$(SDKROOT)/Developer/Library/Frameworks",
					"$(inherited)",
				);
				GCC_PREPROCESSOR_DEFINITIONS = (
					"DEBUG=1",
					"$(inherited)",
				);
				INFOPLIST_FILE = StellarCramTests/Info.plist;
				LD_RUNPATH_SEARCH_PATHS = "$(inherited) @executable_path/Frameworks @loader_path/Frameworks";
				PRODUCT_NAME = "$(TARGET_NAME)";
				TEST_HOST = "$(BUNDLE_LOADER)";
			};
			name = Debug;
		};
		634E0526198C8327009625C6 /* Release */ = {
			isa = XCBuildConfiguration;
			buildSettings = {
				BUNDLE_LOADER = "$(BUILT_PRODUCTS_DIR)/StellarCram.app/StellarCram";
				FRAMEWORK_SEARCH_PATHS = (
					"$(SDKROOT)/Developer/Library/Frameworks",
					"$(inherited)",
				);
				INFOPLIST_FILE = StellarCramTests/Info.plist;
				LD_RUNPATH_SEARCH_PATHS = "$(inherited) @executable_path/Frameworks @loader_path/Frameworks";
				PRODUCT_NAME = "$(TARGET_NAME)";
				TEST_HOST = "$(BUNDLE_LOADER)";
			};
			name = Release;
		};
/* End XCBuildConfiguration section */

/* Begin XCConfigurationList section */
		634E0500198C8327009625C6 /* Build configuration list for PBXProject "StellarCram" */ = {
			isa = XCConfigurationList;
			buildConfigurations = (
				634E051F198C8327009625C6 /* Debug */,
				634E0520198C8327009625C6 /* Release */,
			);
			defaultConfigurationIsVisible = 0;
			defaultConfigurationName = Release;
		};
		634E0521198C8327009625C6 /* Build configuration list for PBXNativeTarget "StellarCram" */ = {
			isa = XCConfigurationList;
			buildConfigurations = (
				634E0522198C8327009625C6 /* Debug */,
				634E0523198C8327009625C6 /* Release */,
			);
			defaultConfigurationIsVisible = 0;
			defaultConfigurationName = Release;
		};
		634E0524198C8327009625C6 /* Build configuration list for PBXNativeTarget "StellarCramTests" */ = {
			isa = XCConfigurationList;
			buildConfigurations = (
				634E0525198C8327009625C6 /* Debug */,
				634E0526198C8327009625C6 /* Release */,
			);
			defaultConfigurationIsVisible = 0;
			defaultConfigurationName = Release;
		};
/* End XCConfigurationList section */
	};
	rootObject = 634E04FD198C8327009625C6 /* Project object */;
}
